Microsoft Visual Studio Solution File, Format Version 12.00
# Visual Studio Version 17
VisualStudioVersion = 17.5.2.0
MinimumVisualStudioVersion = 10.0.40219.1
Project("{2150E333-8FDC-42A3-9474-1A3956D46DE8}") = "collections-csharp-practice", "collections-csharp-practice", "{B74F3C35-59E8-51DC-66E2-E46BE919468F}"
EndProject
Project("{2150E333-8FDC-42A3-9474-1A3956D46DE8}") = "scenario-based", "scenario-based", "{BCC98443-A04B-930B-BDC1-E5B5722CE080}"
EndProject
Project("{2150E333-8FDC-42A3-9474-1A3956D46DE8}") = "Validation-on-Bank-Account", "Validation-on-Bank-Account", "{F1002267-1B53-E742-E571-7616A30E6F15}"
EndProject
Project("{FAE04EC0-301F-11D3-BF4B-00C04F79EFBC}") = "BankAccountApp", "collections-csharp-practice\scenario-based\Validation-on-Bank-Account\BankAccountApp\BankAccountApp.csproj", "{11A0D3CA-E891-EF3D-4D6F-0F4FCE4C89FF}"
EndProject
Project("{FAE04EC0-301F-11D3-BF4B-00C04F79EFBC}") = "BankAccountTests", "collections-csharp-practice\scenario-based\Validation-on-Bank-Account\BankAccountTests\BankAccountTests.csproj", "{D37AD6D6-EB2D-1B39-69FB-EE8AEE4D4D37}"
EndProject
Project("{2150E333-8FDC-42A3-9474-1A3956D46DE8}") = "gcr-codebase", "gcr-codebase", "{255FAFDC-F1EC-4880-7D21-15A4A1D77069}"
EndProject
Project("{2150E333-8FDC-42A3-9474-1A3956D46DE8}") = "csharp-regex-nunit", "csharp-regex-nunit", "{2FB655E3-FB05-F6F2-2C5B-1A1D5E9C2963}"
EndProject
Project("{2150E333-8FDC-42A3-9474-1A3956D46DE8}") = "csharp-nunit", "csharp-nunit", "{3DB0ECED-B0B4-8293-8213-9CB34EEE155E}"
EndProject
Project("{FAE04EC0-301F-11D3-BF4B-00C04F79EFBC}") = "UnitTestingPractice", "collections-csharp-practice\gcr-codebase\csharp-regex-nunit\csharp-nunit\UnitTestingPractice\UnitTestingPractice.csproj", "{080E8B73-63FB-F77D-0E37-F4D803880675}"
EndProject
Project("{FAE04EC0-301F-11D3-BF4B-00C04F79EFBC}") = "UnitTestingPractice.MSTests", "collections-csharp-practice\gcr-codebase\csharp-regex-nunit\csharp-nunit\UnitTestingPractice.MSTests\UnitTestingPractice.MSTests.csproj", "{299AD09F-50A4-66AC-94FE-2A46471C4535}"
EndProject
Project("{FAE04EC0-301F-11D3-BF4B-00C04F79EFBC}") = "UnitTestingPractice.NUnitTests", "collections-csharp-practice\gcr-codebase\csharp-regex-nunit\csharp-nunit\UnitTestingPractice.NUnitTests\UnitTestingPractice.NUnitTests.csproj", "{A35AA4F5-41F4-5E11-8F1A-1EE5667FD0B5}"
EndProject
Global
	GlobalSection(SolutionConfigurationPlatforms) = preSolution
		Debug|Any CPU = Debug|Any CPU
		Release|Any CPU = Release|Any CPU
	EndGlobalSection
	GlobalSection(ProjectConfigurationPlatforms) = postSolution
		{11A0D3CA-E891-EF3D-4D6F-0F4FCE4C89FF}.Debug|Any CPU.ActiveCfg = Debug|Any CPU
		{11A0D3CA-E891-EF3D-4D6F-0F4FCE4C89FF}.Debug|Any CPU.Build.0 = Debug|Any CPU
		{11A0D3CA-E891-EF3D-4D6F-0F4FCE4C89FF}.Release|Any CPU.ActiveCfg = Release|Any CPU
		{11A0D3CA-E891-EF3D-4D6F-0F4FCE4C89FF}.Release|Any CPU.Build.0 = Release|Any CPU
		{D37AD6D6-EB2D-1B39-69FB-EE8AEE4D4D37}.Debug|Any CPU.ActiveCfg = Debug|Any CPU
		{D37AD6D6-EB2D-1B39-69FB-EE8AEE4D4D37}.Debug|Any CPU.Build.0 = Debug|Any CPU
		{D37AD6D6-EB2D-1B39-69FB-EE8AEE4D4D37}.Release|Any CPU.ActiveCfg = Release|Any CPU
		{D37AD6D6-EB2D-1B39-69FB-EE8AEE4D4D37}.Release|Any CPU.Build.0 = Release|Any CPU
		{080E8B73-63FB-F77D-0E37-F4D803880675}.Debug|Any CPU.ActiveCfg = Debug|Any CPU
		{080E8B73-63FB-F77D-0E37-F4D803880675}.Debug|Any CPU.Build.0 = Debug|Any CPU
		{080E8B73-63FB-F77D-0E37-F4D803880675}.Release|Any CPU.ActiveCfg = Release|Any CPU
		{080E8B73-63FB-F77D-0E37-F4D803880675}.Release|Any CPU.Build.0 = Release|Any CPU
		{299AD09F-50A4-66AC-94FE-2A46471C4535}.Debug|Any CPU.ActiveCfg = Debug|Any CPU
		{299AD09F-50A4-66AC-94FE-2A46471C4535}.Debug|Any CPU.Build.0 = Debug|Any CPU
		{299AD09F-50A4-66AC-94FE-2A46471C4535}.Release|Any CPU.ActiveCfg = Release|Any CPU
		{299AD09F-50A4-66AC-94FE-2A46471C4535}.Release|Any CPU.Build.0 = Release|Any CPU
		{A35AA4F5-41F4-5E11-8F1A-1EE5667FD0B5}.Debug|Any CPU.ActiveCfg = Debug|Any CPU
		{A35AA4F5-41F4-5E11-8F1A-1EE5667FD0B5}.Debug|Any CPU.Build.0 = Debug|Any CPU
		{A35AA4F5-41F4-5E11-8F1A-1EE5667FD0B5}.Release|Any CPU.ActiveCfg = Release|Any CPU
		{A35AA4F5-41F4-5E11-8F1A-1EE5667FD0B5}.Release|Any CPU.Build.0 = Release|Any CPU
	EndGlobalSection
	GlobalSection(SolutionProperties) = preSolution
		HideSolutionNode = FALSE
	EndGlobalSection
	GlobalSection(NestedProjects) = preSolution
		{BCC98443-A04B-930B-BDC1-E5B5722CE080} = {B74F3C35-59E8-51DC-66E2-E46BE919468F}
		{F1002267-1B53-E742-E571-7616A30E6F15} = {BCC98443-A04B-930B-BDC1-E5B5722CE080}
		{11A0D3CA-E891-EF3D-4D6F-0F4FCE4C89FF} = {F1002267-1B53-E742-E571-7616A30E6F15}
		{D37AD6D6-EB2D-1B39-69FB-EE8AEE4D4D37} = {F1002267-1B53-E742-E571-7616A30E6F15}
		{255FAFDC-F1EC-4880-7D21-15A4A1D77069} = {B74F3C35-59E8-51DC-66E2-E46BE919468F}
		{2FB655E3-FB05-F6F2-2C5B-1A1D5E9C2963} = {255FAFDC-F1EC-4880-7D21-15A4A1D77069}
		{3DB0ECED-B0B4-8293-8213-9CB34EEE155E} = {2FB655E3-FB05-F6F2-2C5B-1A1D5E9C2963}
		{080E8B73-63FB-F77D-0E37-F4D803880675} = {3DB0ECED-B0B4-8293-8213-9CB34EEE155E}
		{299AD09F-50A4-66AC-94FE-2A46471C4535} = {3DB0ECED-B0B4-8293-8213-9CB34EEE155E}
		{A35AA4F5-41F4-5E11-8F1A-1EE5667FD0B5} = {3DB0ECED-B0B4-8293-8213-9CB34EEE155E}
	EndGlobalSection
	GlobalSection(ExtensibilityGlobals) = postSolution
		SolutionGuid = {165EF4AA-6A01-4558-9F9A-FA82A01B505F}
	EndGlobalSection
EndGlobal
